{
  "name": "test",
  "version": "1.0.0",
  "lockfileVersion": 3,
  "requires": true,
  "packages": {
    "": {
      "name": "test",
      "version": "1.0.0",
      "license": "ISC",
      "dependencies": {
        "democalc": "^1.0.0"
      }
    },
    "node_modules/democalc": {
      "version": "1.0.0",
      "resolved": "https://registry.npmjs.org/democalc/-/democalc-1.0.0.tgz",
      "integrity": "sha512-3MpP5EPvVZoyn34Z5AMVY0h7kxD+Xf21Ynjy6kTRrGhYRw39q1yGEaO2MhCeQ1+NVbHljiSv4E4Qm8MFt0+mSA=="
    }
  }
}
